
Microsoft Visual Studio Solution File, Format Version 12.00
# Visual Studio Version 17
VisualStudioVersion = 17.14.36518.9
MinimumVisualStudioVersion = 10.0.40219.1
Project("{2150E333-8FDC-42A3-9474-1A3956D46DE8}") = "Task0", "Task0", "{02EA681E-C7D8-13C7-8484-4AC65E1B71E8}"
EndProject
Project("{FAE04EC0-301F-11D3-BF4B-00C04F79EFBC}") = "Tyuiu.Shahab.Sprint0.Task0.V0", "Tyuiu.Shahab.Sprint0.Task0.V0\Tyuiu.Shahab.Sprint0.Task0.V0.csproj", "{FEB74D7A-61EA-402F-AEC0-FC4A6AECDDFB}"
EndProject
Project("{2150E333-8FDC-42A3-9474-1A3956D46DE8}") = "Task1", "Task1", "{3FF74FB3-13F2-4F21-9502-A7E8F93AABD0}"
EndProject
Project("{FAE04EC0-301F-11D3-BF4B-00C04F79EFBC}") = "Tyuiu.Shahab.Spint0.Task1.V0", "Tyuiu.Shahab.Spint0.Task1.V0\Tyuiu.Shahab.Spint0.Task1.V0.csproj", "{F1166DC9-308F-46F1-8F1F-0EB1843C4D3E}"
EndProject
Project("{2150E333-8FDC-42A3-9474-1A3956D46DE8}") = "Task2", "Task2", "{CA23E952-357C-44EB-8F47-3A806F1747D7}"
EndProject
Project("{FAE04EC0-301F-11D3-BF4B-00C04F79EFBC}") = "Tyuiu.Shahab.Sprint0.Task2.V0", "Tyuiu.Shahab.Sprint0.Task2.V0\Tyuiu.Shahab.Sprint0.Task2.V0.csproj", "{8C4458FC-F6FE-49E5-A1F4-3E2FE26A6327}"
EndProject
Project("{FAE04EC0-301F-11D3-BF4B-00C04F79EFBC}") = "Tyuiu.Shahab.Sprint0.Task2.V0.Lib", "Tyuiu.Shahab.Sprint0.Task2.V0.Lib\Tyuiu.Shahab.Sprint0.Task2.V0.Lib.csproj", "{140C0016-EF47-49D8-9588-7F522824BFDF}"
EndProject
Project("{FAE04EC0-301F-11D3-BF4B-00C04F79EFBC}") = "Tyuiu.Shahab.Sprint0.Task2.V0.Test", "Tyuiu.Shahab.Sprint0.Task2.V0.Test\Tyuiu.Shahab.Sprint0.Task2.V0.Test.csproj", "{3BD04DA5-783D-4CFF-97F0-E328A8455569}"
EndProject
Project("{2150E333-8FDC-42A3-9474-1A3956D46DE8}") = "Task3", "Task3", "{185FD381-1E36-4D07-9002-A0F136209238}"
EndProject
Project("{FAE04EC0-301F-11D3-BF4B-00C04F79EFBC}") = "Tyuiu.Shahab.Sprint0.Task3.V0", "Tyuiu.Shahab.Sprint0.Task3.V0.\Tyuiu.Shahab.Sprint0.Task3.V0.csproj", "{5178C705-526C-4E87-BD50-215C2E551C8E}"
EndProject
Project("{FAE04EC0-301F-11D3-BF4B-00C04F79EFBC}") = "Tyuiu.Shahab.Sprint0.Task3.V0.Lib", "Tyuiu.Shahab.Sprint0.Task3.V0.Lib\Tyuiu.Shahab.Sprint0.Task3.V0.Lib.csproj", "{13E0B376-B806-4D35-83DB-D2B849CABCB4}"
EndProject
Project("{FAE04EC0-301F-11D3-BF4B-00C04F79EFBC}") = "Tyuiu.Shahab.Sprint0.Task3.V0.Test", "Tyuiu.Shahab.Sprint0.Task3.V0.Test\Tyuiu.Shahab.Sprint0.Task3.V0.Test.csproj", "{7B207321-B6C8-477C-B32E-227FED74FABE}"
EndProject
Global
	GlobalSection(SolutionConfigurationPlatforms) = preSolution
		Debug|Any CPU = Debug|Any CPU
		Release|Any CPU = Release|Any CPU
	EndGlobalSection
	GlobalSection(ProjectConfigurationPlatforms) = postSolution
		{FEB74D7A-61EA-402F-AEC0-FC4A6AECDDFB}.Debug|Any CPU.ActiveCfg = Debug|Any CPU
		{FEB74D7A-61EA-402F-AEC0-FC4A6AECDDFB}.Debug|Any CPU.Build.0 = Debug|Any CPU
		{FEB74D7A-61EA-402F-AEC0-FC4A6AECDDFB}.Release|Any CPU.ActiveCfg = Release|Any CPU
		{FEB74D7A-61EA-402F-AEC0-FC4A6AECDDFB}.Release|Any CPU.Build.0 = Release|Any CPU
		{F1166DC9-308F-46F1-8F1F-0EB1843C4D3E}.Debug|Any CPU.ActiveCfg = Debug|Any CPU
		{F1166DC9-308F-46F1-8F1F-0EB1843C4D3E}.Debug|Any CPU.Build.0 = Debug|Any CPU
		{F1166DC9-308F-46F1-8F1F-0EB1843C4D3E}.Release|Any CPU.ActiveCfg = Release|Any CPU
		{F1166DC9-308F-46F1-8F1F-0EB1843C4D3E}.Release|Any CPU.Build.0 = Release|Any CPU
		{8C4458FC-F6FE-49E5-A1F4-3E2FE26A6327}.Debug|Any CPU.ActiveCfg = Debug|Any CPU
		{8C4458FC-F6FE-49E5-A1F4-3E2FE26A6327}.Debug|Any CPU.Build.0 = Debug|Any CPU
		{8C4458FC-F6FE-49E5-A1F4-3E2FE26A6327}.Release|Any CPU.ActiveCfg = Release|Any CPU
		{8C4458FC-F6FE-49E5-A1F4-3E2FE26A6327}.Release|Any CPU.Build.0 = Release|Any CPU
		{140C0016-EF47-49D8-9588-7F522824BFDF}.Debug|Any CPU.ActiveCfg = Debug|Any CPU
		{140C0016-EF47-49D8-9588-7F522824BFDF}.Debug|Any CPU.Build.0 = Debug|Any CPU
		{140C0016-EF47-49D8-9588-7F522824BFDF}.Release|Any CPU.ActiveCfg = Release|Any CPU
		{140C0016-EF47-49D8-9588-7F522824BFDF}.Release|Any CPU.Build.0 = Release|Any CPU
		{3BD04DA5-783D-4CFF-97F0-E328A8455569}.Debug|Any CPU.ActiveCfg = Debug|Any CPU
		{3BD04DA5-783D-4CFF-97F0-E328A8455569}.Debug|Any CPU.Build.0 = Debug|Any CPU
		{3BD04DA5-783D-4CFF-97F0-E328A8455569}.Release|Any CPU.ActiveCfg = Release|Any CPU
		{3BD04DA5-783D-4CFF-97F0-E328A8455569}.Release|Any CPU.Build.0 = Release|Any CPU
		{5178C705-526C-4E87-BD50-215C2E551C8E}.Debug|Any CPU.ActiveCfg = Debug|Any CPU
		{5178C705-526C-4E87-BD50-215C2E551C8E}.Debug|Any CPU.Build.0 = Debug|Any CPU
		{5178C705-526C-4E87-BD50-215C2E551C8E}.Release|Any CPU.ActiveCfg = Release|Any CPU
		{5178C705-526C-4E87-BD50-215C2E551C8E}.Release|Any CPU.Build.0 = Release|Any CPU
		{13E0B376-B806-4D35-83DB-D2B849CABCB4}.Debug|Any CPU.ActiveCfg = Debug|Any CPU
		{13E0B376-B806-4D35-83DB-D2B849CABCB4}.Debug|Any CPU.Build.0 = Debug|Any CPU
		{13E0B376-B806-4D35-83DB-D2B849CABCB4}.Release|Any CPU.ActiveCfg = Release|Any CPU
		{13E0B376-B806-4D35-83DB-D2B849CABCB4}.Release|Any CPU.Build.0 = Release|Any CPU
		{7B207321-B6C8-477C-B32E-227FED74FABE}.Debug|Any CPU.ActiveCfg = Debug|Any CPU
		{7B207321-B6C8-477C-B32E-227FED74FABE}.Debug|Any CPU.Build.0 = Debug|Any CPU
		{7B207321-B6C8-477C-B32E-227FED74FABE}.Release|Any CPU.ActiveCfg = Release|Any CPU
		{7B207321-B6C8-477C-B32E-227FED74FABE}.Release|Any CPU.Build.0 = Release|Any CPU
	EndGlobalSection
	GlobalSection(SolutionProperties) = preSolution
		HideSolutionNode = FALSE
	EndGlobalSection
	GlobalSection(NestedProjects) = preSolution
		{FEB74D7A-61EA-402F-AEC0-FC4A6AECDDFB} = {02EA681E-C7D8-13C7-8484-4AC65E1B71E8}
		{F1166DC9-308F-46F1-8F1F-0EB1843C4D3E} = {3FF74FB3-13F2-4F21-9502-A7E8F93AABD0}
		{8C4458FC-F6FE-49E5-A1F4-3E2FE26A6327} = {CA23E952-357C-44EB-8F47-3A806F1747D7}
		{140C0016-EF47-49D8-9588-7F522824BFDF} = {CA23E952-357C-44EB-8F47-3A806F1747D7}
		{3BD04DA5-783D-4CFF-97F0-E328A8455569} = {CA23E952-357C-44EB-8F47-3A806F1747D7}
		{5178C705-526C-4E87-BD50-215C2E551C8E} = {185FD381-1E36-4D07-9002-A0F136209238}
		{13E0B376-B806-4D35-83DB-D2B849CABCB4} = {185FD381-1E36-4D07-9002-A0F136209238}
		{7B207321-B6C8-477C-B32E-227FED74FABE} = {185FD381-1E36-4D07-9002-A0F136209238}
	EndGlobalSection
	GlobalSection(ExtensibilityGlobals) = postSolution
		SolutionGuid = {05B9EDD8-C8AF-48F0-A656-474ABD5288AA}
	EndGlobalSection
EndGlobal
